
Microsoft Visual Studio Solution File, Format Version 12.00
# Visual Studio 15
VisualStudioVersion = 15.0.27703.2042
MinimumVisualStudioVersion = 10.0.40219.1
Project("{9A19103F-16F7-4668-BE54-9A1E7A4F7556}") = "SPReportScheduler", "SPReportScheduler\SPReportScheduler.csproj", "{7235C9CB-F3A0-49C2-8E07-C0A82093E3A0}"
EndProject
Project("{FAE04EC0-301F-11D3-BF4B-00C04F79EFBC}") = "EngineAdmin", "EngineAdmin\EngineAdmin.csproj", "{407AE6EA-ADEA-4E22-8834-13D648BA9842}"
EndProject
Project("{FAE04EC0-301F-11D3-BF4B-00C04F79EFBC}") = "HangfireDash", "HangfireDash\HangfireDash.csproj", "{47640376-B5CB-42D3-A9FF-0D3F64666875}"
EndProject
Project("{FAE04EC0-301F-11D3-BF4B-00C04F79EFBC}") = "SPreportingDash", "SPreportingDash\SPreportingDash.csproj", "{9E2EA4BF-5F25-49F7-A48A-2DB95397B418}"
EndProject
Global
	GlobalSection(SolutionConfigurationPlatforms) = preSolution
		Debug|Any CPU = Debug|Any CPU
		Release|Any CPU = Release|Any CPU
	EndGlobalSection
	GlobalSection(ProjectConfigurationPlatforms) = postSolution
		{7235C9CB-F3A0-49C2-8E07-C0A82093E3A0}.Debug|Any CPU.ActiveCfg = Debug|Any CPU
		{7235C9CB-F3A0-49C2-8E07-C0A82093E3A0}.Debug|Any CPU.Build.0 = Debug|Any CPU
		{7235C9CB-F3A0-49C2-8E07-C0A82093E3A0}.Release|Any CPU.ActiveCfg = Release|Any CPU
		{7235C9CB-F3A0-49C2-8E07-C0A82093E3A0}.Release|Any CPU.Build.0 = Release|Any CPU
		{407AE6EA-ADEA-4E22-8834-13D648BA9842}.Debug|Any CPU.ActiveCfg = Debug|Any CPU
		{407AE6EA-ADEA-4E22-8834-13D648BA9842}.Debug|Any CPU.Build.0 = Debug|Any CPU
		{407AE6EA-ADEA-4E22-8834-13D648BA9842}.Release|Any CPU.ActiveCfg = Release|Any CPU
		{407AE6EA-ADEA-4E22-8834-13D648BA9842}.Release|Any CPU.Build.0 = Release|Any CPU
		{47640376-B5CB-42D3-A9FF-0D3F64666875}.Debug|Any CPU.ActiveCfg = Debug|Any CPU
		{47640376-B5CB-42D3-A9FF-0D3F64666875}.Debug|Any CPU.Build.0 = Debug|Any CPU
		{47640376-B5CB-42D3-A9FF-0D3F64666875}.Release|Any CPU.ActiveCfg = Release|Any CPU
		{47640376-B5CB-42D3-A9FF-0D3F64666875}.Release|Any CPU.Build.0 = Release|Any CPU
		{9E2EA4BF-5F25-49F7-A48A-2DB95397B418}.Debug|Any CPU.ActiveCfg = Debug|Any CPU
		{9E2EA4BF-5F25-49F7-A48A-2DB95397B418}.Debug|Any CPU.Build.0 = Debug|Any CPU
		{9E2EA4BF-5F25-49F7-A48A-2DB95397B418}.Release|Any CPU.ActiveCfg = Release|Any CPU
		{9E2EA4BF-5F25-49F7-A48A-2DB95397B418}.Release|Any CPU.Build.0 = Release|Any CPU
	EndGlobalSection
	GlobalSection(SolutionProperties) = preSolution
		HideSolutionNode = FALSE
	EndGlobalSection
	GlobalSection(ExtensibilityGlobals) = postSolution
		SolutionGuid = {4AD6FCB1-BCBA-4A55-9E7D-5CFEC21FF1B1}
	EndGlobalSection
EndGlobal
